
Microsoft Visual Studio Solution File, Format Version 12.00
# Visual Studio Version 17
VisualStudioVersion = 17.0.32126.317
MinimumVisualStudioVersion = 10.0.40219.1
Project("{FAE04EC0-301F-11D3-BF4B-00C04F79EFBC}") = "TiendaOnline", "TiendaOnline\TiendaOnline.csproj", "{901DA0DB-00C1-4B7E-B482-5BD43B7C5FA2}"
EndProject
Global
	GlobalSection(SolutionConfigurationPlatforms) = preSolution
		Debug|Any CPU = Debug|Any CPU
		Release|Any CPU = Release|Any CPU
	EndGlobalSection
	GlobalSection(ProjectConfigurationPlatforms) = postSolution
		{901DA0DB-00C1-4B7E-B482-5BD43B7C5FA2}.Debug|Any CPU.ActiveCfg = Debug|Any CPU
		{901DA0DB-00C1-4B7E-B482-5BD43B7C5FA2}.Debug|Any CPU.Build.0 = Debug|Any CPU
		{901DA0DB-00C1-4B7E-B482-5BD43B7C5FA2}.Release|Any CPU.ActiveCfg = Release|Any CPU
		{901DA0DB-00C1-4B7E-B482-5BD43B7C5FA2}.Release|Any CPU.Build.0 = Release|Any CPU
	EndGlobalSection
	GlobalSection(SolutionProperties) = preSolution
		HideSolutionNode = FALSE
	EndGlobalSection
	GlobalSection(ExtensibilityGlobals) = postSolution
		SolutionGuid = {A20F5B03-AC3A-4465-A116-0CF717C69246}
	EndGlobalSection
EndGlobal
